
Microsoft Visual Studio Solution File, Format Version 12.00
# Visual Studio Version 16
VisualStudioVersion = 16.0.29215.179
MinimumVisualStudioVersion = 10.0.40219.1
Project("{2150E333-8FDC-42A3-9474-1A3956D46DE8}") = "Business", "Business", "{C9873729-0FC6-4D35-9018-6413B73EC2BA}"
EndProject
Project("{2150E333-8FDC-42A3-9474-1A3956D46DE8}") = "Presentation", "Presentation", "{3EEAC4A3-8E2E-435F-B3FC-415CD32D2139}"
EndProject
Project("{FAE04EC0-301F-11D3-BF4B-00C04F79EFBC}") = "Core", "Business\Core\Core.csproj", "{E250FD75-DC15-4C0D-B4AE-9426A39E8619}"
EndProject
Project("{FAE04EC0-301F-11D3-BF4B-00C04F79EFBC}") = "Web", "Presentation\Web\Web.csproj", "{4E44B361-C3C5-4BE0-B779-786644CC6426}"
EndProject
Global
	GlobalSection(SolutionConfigurationPlatforms) = preSolution
		Debug|Any CPU = Debug|Any CPU
		Release|Any CPU = Release|Any CPU
	EndGlobalSection
	GlobalSection(ProjectConfigurationPlatforms) = postSolution
		{E250FD75-DC15-4C0D-B4AE-9426A39E8619}.Debug|Any CPU.ActiveCfg = Debug|Any CPU
		{E250FD75-DC15-4C0D-B4AE-9426A39E8619}.Debug|Any CPU.Build.0 = Debug|Any CPU
		{E250FD75-DC15-4C0D-B4AE-9426A39E8619}.Release|Any CPU.ActiveCfg = Release|Any CPU
		{E250FD75-DC15-4C0D-B4AE-9426A39E8619}.Release|Any CPU.Build.0 = Release|Any CPU
		{4E44B361-C3C5-4BE0-B779-786644CC6426}.Debug|Any CPU.ActiveCfg = Debug|Any CPU
		{4E44B361-C3C5-4BE0-B779-786644CC6426}.Debug|Any CPU.Build.0 = Debug|Any CPU
		{4E44B361-C3C5-4BE0-B779-786644CC6426}.Release|Any CPU.ActiveCfg = Release|Any CPU
		{4E44B361-C3C5-4BE0-B779-786644CC6426}.Release|Any CPU.Build.0 = Release|Any CPU
	EndGlobalSection
	GlobalSection(SolutionProperties) = preSolution
		HideSolutionNode = FALSE
	EndGlobalSection
	GlobalSection(NestedProjects) = preSolution
		{E250FD75-DC15-4C0D-B4AE-9426A39E8619} = {C9873729-0FC6-4D35-9018-6413B73EC2BA}
		{4E44B361-C3C5-4BE0-B779-786644CC6426} = {3EEAC4A3-8E2E-435F-B3FC-415CD32D2139}
	EndGlobalSection
	GlobalSection(ExtensibilityGlobals) = postSolution
		SolutionGuid = {2C649213-95F7-4E2C-92EE-2442B89196B5}
	EndGlobalSection
EndGlobal
